# This file is automatically @generated by Cargo.
# It is not intended for manual editing.
version = 3

[[package]]
name = "cbs-dependency"
version = "0.1.0"
source = "git+https://github.com/joao-paulo-parity/cbs-dependency?branch=master#3f356e8a96d09409cbd97763245b3345515e387e"

[[package]]
name = "cbs-dependent"
version = "0.1.0"
dependencies = [
 "cbs-dependency",
]
